
Microsoft Visual Studio Solution File, Format Version 12.00
# Visual Studio 15
VisualStudioVersion = 15.0.28010.2048
MinimumVisualStudioVersion = 10.0.40219.1
Project("{FAE04EC0-301F-11D3-BF4B-00C04F79EFBC}") = "DoorFace", "DoorFace.csproj", "{021F4231-0E1C-4D80-9FB0-811327522A63}"
EndProject
Global
	GlobalSection(SolutionConfigurationPlatforms) = preSolution
		Debug|ARM = Debug|ARM
		Debug|x64 = Debug|x64
		Debug|x86 = Debug|x86
		Release|ARM = Release|ARM
		Release|x64 = Release|x64
		Release|x86 = Release|x86
	EndGlobalSection
	GlobalSection(ProjectConfigurationPlatforms) = postSolution
		{021F4231-0E1C-4D80-9FB0-811327522A63}.Debug|ARM.ActiveCfg = Debug|ARM
		{021F4231-0E1C-4D80-9FB0-811327522A63}.Debug|ARM.Build.0 = Debug|ARM
		{021F4231-0E1C-4D80-9FB0-811327522A63}.Debug|ARM.Deploy.0 = Debug|ARM
		{021F4231-0E1C-4D80-9FB0-811327522A63}.Debug|x64.ActiveCfg = Debug|x64
		{021F4231-0E1C-4D80-9FB0-811327522A63}.Debug|x64.Build.0 = Debug|x64
		{021F4231-0E1C-4D80-9FB0-811327522A63}.Debug|x64.Deploy.0 = Debug|x64
		{021F4231-0E1C-4D80-9FB0-811327522A63}.Debug|x86.ActiveCfg = Debug|x86
		{021F4231-0E1C-4D80-9FB0-811327522A63}.Debug|x86.Build.0 = Debug|x86
		{021F4231-0E1C-4D80-9FB0-811327522A63}.Debug|x86.Deploy.0 = Debug|x86
		{021F4231-0E1C-4D80-9FB0-811327522A63}.Release|ARM.ActiveCfg = Release|ARM
		{021F4231-0E1C-4D80-9FB0-811327522A63}.Release|ARM.Build.0 = Release|ARM
		{021F4231-0E1C-4D80-9FB0-811327522A63}.Release|ARM.Deploy.0 = Release|ARM
		{021F4231-0E1C-4D80-9FB0-811327522A63}.Release|x64.ActiveCfg = Release|x64
		{021F4231-0E1C-4D80-9FB0-811327522A63}.Release|x64.Build.0 = Release|x64
		{021F4231-0E1C-4D80-9FB0-811327522A63}.Release|x64.Deploy.0 = Release|x64
		{021F4231-0E1C-4D80-9FB0-811327522A63}.Release|x86.ActiveCfg = Release|x86
		{021F4231-0E1C-4D80-9FB0-811327522A63}.Release|x86.Build.0 = Release|x86
		{021F4231-0E1C-4D80-9FB0-811327522A63}.Release|x86.Deploy.0 = Release|x86
	EndGlobalSection
	GlobalSection(SolutionProperties) = preSolution
		HideSolutionNode = FALSE
	EndGlobalSection
	GlobalSection(ExtensibilityGlobals) = postSolution
		SolutionGuid = {8C5F9D20-D905-40B6-BF3C-F8597A0C9EFE}
	EndGlobalSection
EndGlobal
